{
  "originHash" : "3de5939af405183dedfac5e1e9804476999294ca7ed2b4f0d06d97e21128517c",
  "pins" : [
    {
      "identity" : "datacompression",
      "kind" : "remoteSourceControl",
      "location" : "https://github.com/mw99/DataCompression",
      "state" : {
        "revision" : "16f858982a077451ce3bdbd9144d3073ec85b6e4",
        "version" : "3.9.0"
      }
    },
    {
      "identity" : "opentelemetry-swift-core",
      "kind" : "remoteSourceControl",
      "location" : "https://github.com/open-telemetry/opentelemetry-swift-core.git",
      "state" : {
        "revision" : "6aebc7734e154cd221ea9fb76bd4f611262be962",
        "version" : "2.1.1"
      }
    },
    {
      "identity" : "swift-atomics",
      "kind" : "remoteSourceControl",
      "location" : "https://github.com/apple/swift-atomics.git",
      "state" : {
        "revision" : "b601256eab081c0f92f059e12818ac1d4f178ff7",
        "version" : "1.3.0"
      }
    },
    {
      "identity" : "swift-log",
      "kind" : "remoteSourceControl",
      "location" : "https://github.com/apple/swift-log.git",
      "state" : {
        "revision" : "3d8596ed08bd13520157f0355e35caed215ffbfa",
        "version" : "1.6.3"
      }
    },
    {
      "identity" : "swift-metrics",
      "kind" : "remoteSourceControl",
      "location" : "https://github.com/apple/swift-metrics.git",
      "state" : {
        "revision" : "4c83e1cdf4ba538ef6e43a9bbd0bcc33a0ca46e3",
        "version" : "2.7.0"
      }
    },
    {
      "identity" : "swift-protobuf",
      "kind" : "remoteSourceControl",
      "location" : "https://github.com/apple/swift-protobuf.git",
      "state" : {
        "revision" : "102a647b573f60f73afdce5613a51d71349fe507",
        "version" : "1.30.0"
      }
    }
  ],
  "version" : 3
}
